
Microsoft Visual Studio Solution File, Format Version 12.00
# Visual Studio Version 17
VisualStudioVersion = 17.13.35818.85
MinimumVisualStudioVersion = 10.0.40219.1
Project("{2150E333-8FDC-42A3-9474-1A3956D46DE8}") = "Source", "Source", "{896C2AE5-4753-48B3-9BA9-36B668B5D714}"
	ProjectSection(SolutionItems) = preProject
		.dockerignore = .dockerignore
	EndProjectSection
EndProject
Project("{2150E333-8FDC-42A3-9474-1A3956D46DE8}") = "Solution Items", "Solution Items", "{DD366551-2571-494F-BBF5-6132167A53C4}"
	ProjectSection(SolutionItems) = preProject
		.env = .env
		.gitignore = .gitignore
		Directory.Build.props = Directory.Build.props
		Directory.Packages.props = Directory.Packages.props
		nlog.config = nlog.config
	EndProjectSection
EndProject
Project("{2150E333-8FDC-42A3-9474-1A3956D46DE8}") = "Docker", "Docker", "{F927176A-F470-4F61-B0BF-E8027279D6A7}"
EndProject
Project("{E53339B2-1760-4266-BCC7-CA923CBCF16C}") = "docker-compose", "docker-compose.dcproj", "{81DDED9D-158B-E303-5F62-77A2896D2A5A}"
EndProject
Project("{FAE04EC0-301F-11D3-BF4B-00C04F79EFBC}") = "Client.Administrators.Presentation", "src\Client.Administrators.Presentation\Client.Administrators.Presentation.csproj", "{A9341ECF-C133-41CA-AF31-99A3BE0D08E5}"
EndProject
Project("{FAE04EC0-301F-11D3-BF4B-00C04F79EFBC}") = "Client.Administrators.Application", "src\Client.Administrators.Application\Client.Administrators.Application.csproj", "{D4EE85A7-6EBA-4F95-A89A-8D8F1D9F331A}"
EndProject
Global
	GlobalSection(SolutionConfigurationPlatforms) = preSolution
		Debug|Any CPU = Debug|Any CPU
		Release|Any CPU = Release|Any CPU
	EndGlobalSection
	GlobalSection(ProjectConfigurationPlatforms) = postSolution
		{81DDED9D-158B-E303-5F62-77A2896D2A5A}.Debug|Any CPU.ActiveCfg = Debug|Any CPU
		{81DDED9D-158B-E303-5F62-77A2896D2A5A}.Debug|Any CPU.Build.0 = Debug|Any CPU
		{81DDED9D-158B-E303-5F62-77A2896D2A5A}.Release|Any CPU.ActiveCfg = Release|Any CPU
		{81DDED9D-158B-E303-5F62-77A2896D2A5A}.Release|Any CPU.Build.0 = Release|Any CPU
		{A9341ECF-C133-41CA-AF31-99A3BE0D08E5}.Debug|Any CPU.ActiveCfg = Debug|Any CPU
		{A9341ECF-C133-41CA-AF31-99A3BE0D08E5}.Debug|Any CPU.Build.0 = Debug|Any CPU
		{A9341ECF-C133-41CA-AF31-99A3BE0D08E5}.Release|Any CPU.ActiveCfg = Release|Any CPU
		{A9341ECF-C133-41CA-AF31-99A3BE0D08E5}.Release|Any CPU.Build.0 = Release|Any CPU
		{D4EE85A7-6EBA-4F95-A89A-8D8F1D9F331A}.Debug|Any CPU.ActiveCfg = Debug|Any CPU
		{D4EE85A7-6EBA-4F95-A89A-8D8F1D9F331A}.Debug|Any CPU.Build.0 = Debug|Any CPU
		{D4EE85A7-6EBA-4F95-A89A-8D8F1D9F331A}.Release|Any CPU.ActiveCfg = Release|Any CPU
		{D4EE85A7-6EBA-4F95-A89A-8D8F1D9F331A}.Release|Any CPU.Build.0 = Release|Any CPU
	EndGlobalSection
	GlobalSection(SolutionProperties) = preSolution
		HideSolutionNode = FALSE
	EndGlobalSection
	GlobalSection(NestedProjects) = preSolution
		{81DDED9D-158B-E303-5F62-77A2896D2A5A} = {F927176A-F470-4F61-B0BF-E8027279D6A7}
		{A9341ECF-C133-41CA-AF31-99A3BE0D08E5} = {896C2AE5-4753-48B3-9BA9-36B668B5D714}
		{D4EE85A7-6EBA-4F95-A89A-8D8F1D9F331A} = {896C2AE5-4753-48B3-9BA9-36B668B5D714}
	EndGlobalSection
	GlobalSection(ExtensibilityGlobals) = postSolution
		SolutionGuid = {9EFC8AE7-E43A-4E29-88D8-CBD45EFA2C8A}
	EndGlobalSection
EndGlobal
